
Microsoft Visual Studio Solution File, Format Version 12.00
# Visual Studio Version 17
VisualStudioVersion = 17.0.31903.59
MinimumVisualStudioVersion = 10.0.40219.1
Project("{FAE04EC0-301F-11D3-BF4B-00C04F79EFBC}") = "Sonab.WebAPI", "Sonab.WebAPI\Sonab.WebAPI.csproj", "{750D3393-C512-4916-B7DC-B0492AEB11E9}"
EndProject
Project("{FAE04EC0-301F-11D3-BF4B-00C04F79EFBC}") = "Sonab.WebAPI.Test", "Sonab.WebAPI.Test\Sonab.WebAPI.Test.csproj", "{E13395E0-5C45-4D6A-B7A8-DAFAEE6A1193}"
EndProject
Project("{FAE04EC0-301F-11D3-BF4B-00C04F79EFBC}") = "Sonab.Core", "Sonab.Core\Sonab.Core.csproj", "{8DB0157A-71A6-4D3B-AE04-6F85CA7120A3}"
EndProject
Global
	GlobalSection(SolutionConfigurationPlatforms) = preSolution
		Debug|Any CPU = Debug|Any CPU
		Release|Any CPU = Release|Any CPU
	EndGlobalSection
	GlobalSection(SolutionProperties) = preSolution
		HideSolutionNode = FALSE
	EndGlobalSection
	GlobalSection(ProjectConfigurationPlatforms) = postSolution
		{750D3393-C512-4916-B7DC-B0492AEB11E9}.Debug|Any CPU.ActiveCfg = Debug|Any CPU
		{750D3393-C512-4916-B7DC-B0492AEB11E9}.Debug|Any CPU.Build.0 = Debug|Any CPU
		{750D3393-C512-4916-B7DC-B0492AEB11E9}.Release|Any CPU.ActiveCfg = Release|Any CPU
		{750D3393-C512-4916-B7DC-B0492AEB11E9}.Release|Any CPU.Build.0 = Release|Any CPU
		{E13395E0-5C45-4D6A-B7A8-DAFAEE6A1193}.Debug|Any CPU.ActiveCfg = Debug|Any CPU
		{E13395E0-5C45-4D6A-B7A8-DAFAEE6A1193}.Debug|Any CPU.Build.0 = Debug|Any CPU
		{E13395E0-5C45-4D6A-B7A8-DAFAEE6A1193}.Release|Any CPU.ActiveCfg = Release|Any CPU
		{E13395E0-5C45-4D6A-B7A8-DAFAEE6A1193}.Release|Any CPU.Build.0 = Release|Any CPU
		{8DB0157A-71A6-4D3B-AE04-6F85CA7120A3}.Debug|Any CPU.ActiveCfg = Debug|Any CPU
		{8DB0157A-71A6-4D3B-AE04-6F85CA7120A3}.Debug|Any CPU.Build.0 = Debug|Any CPU
		{8DB0157A-71A6-4D3B-AE04-6F85CA7120A3}.Release|Any CPU.ActiveCfg = Release|Any CPU
		{8DB0157A-71A6-4D3B-AE04-6F85CA7120A3}.Release|Any CPU.Build.0 = Release|Any CPU
	EndGlobalSection
EndGlobal
